
Microsoft Visual Studio Solution File, Format Version 12.00
# Visual Studio Version 16
VisualStudioVersion = 16.0.31112.23
MinimumVisualStudioVersion = 10.0.40219.1
Project("{9A19103F-16F7-4668-BE54-9A1E7A4F7556}") = "FolderTreeSize", "FolderTreeSize.csproj", "{7F26349F-813C-493E-977B-6DACFBEE8C67}"
EndProject
Global
	GlobalSection(SolutionConfigurationPlatforms) = preSolution
		Debug|Any CPU = Debug|Any CPU
		Debug|x64 = Debug|x64
		Release|Any CPU = Release|Any CPU
		Release|x64 = Release|x64
	EndGlobalSection
	GlobalSection(ProjectConfigurationPlatforms) = postSolution
		{7F26349F-813C-493E-977B-6DACFBEE8C67}.Debug|Any CPU.ActiveCfg = Debug|Any CPU
		{7F26349F-813C-493E-977B-6DACFBEE8C67}.Debug|Any CPU.Build.0 = Debug|Any CPU
		{7F26349F-813C-493E-977B-6DACFBEE8C67}.Debug|x64.ActiveCfg = Debug|Any CPU
		{7F26349F-813C-493E-977B-6DACFBEE8C67}.Debug|x64.Build.0 = Debug|Any CPU
		{7F26349F-813C-493E-977B-6DACFBEE8C67}.Release|Any CPU.ActiveCfg = Release|Any CPU
		{7F26349F-813C-493E-977B-6DACFBEE8C67}.Release|Any CPU.Build.0 = Release|Any CPU
		{7F26349F-813C-493E-977B-6DACFBEE8C67}.Release|x64.ActiveCfg = Release|Any CPU
		{7F26349F-813C-493E-977B-6DACFBEE8C67}.Release|x64.Build.0 = Release|Any CPU
	EndGlobalSection
	GlobalSection(SolutionProperties) = preSolution
		HideSolutionNode = FALSE
	EndGlobalSection
	GlobalSection(ExtensibilityGlobals) = postSolution
		SolutionGuid = {2E8D9DD8-7BF4-4C5E-AAD3-F3A14EFEBDAC}
	EndGlobalSection
EndGlobal
